
Microsoft Visual Studio Solution File, Format Version 12.00
# Visual Studio Version 17
VisualStudioVersion = 17.8.34330.188
MinimumVisualStudioVersion = 10.0.40219.1
Project("{FAE04EC0-301F-11D3-BF4B-00C04F79EFBC}") = "svCaro", "svCaro\svCaro.csproj", "{9C9A4CD2-E6B8-4826-A555-A54014C79A98}"
EndProject
Global
	GlobalSection(SolutionConfigurationPlatforms) = preSolution
		Debug|Any CPU = Debug|Any CPU
		Release|Any CPU = Release|Any CPU
	EndGlobalSection
	GlobalSection(ProjectConfigurationPlatforms) = postSolution
		{9C9A4CD2-E6B8-4826-A555-A54014C79A98}.Debug|Any CPU.ActiveCfg = Debug|Any CPU
		{9C9A4CD2-E6B8-4826-A555-A54014C79A98}.Debug|Any CPU.Build.0 = Debug|Any CPU
		{9C9A4CD2-E6B8-4826-A555-A54014C79A98}.Release|Any CPU.ActiveCfg = Release|Any CPU
		{9C9A4CD2-E6B8-4826-A555-A54014C79A98}.Release|Any CPU.Build.0 = Release|Any CPU
	EndGlobalSection
	GlobalSection(SolutionProperties) = preSolution
		HideSolutionNode = FALSE
	EndGlobalSection
	GlobalSection(ExtensibilityGlobals) = postSolution
		SolutionGuid = {194B024B-42BC-4C4D-BCEF-9EF42D3C0644}
	EndGlobalSection
EndGlobal
